<?xml version="1.0" encoding="UTF-8"?>
<Scheme
   version = "1.3">
   <BuildAction>
      <BuildActionEntries>
         <BuildActionEntry
            buildForRunning = "YES"
            buildForTesting = "YES">
            <BuildableReference
               BuildableIdentifier = "primary"
               BlueprintIdentifier = "5D06E43720D59AEB91D5AADC"
               BuildableName = "unit-tests.xctest"
               BlueprintName = "unit-tests"
               ReferencedContainer = "container:cal-sync.xcodeproj">
            </BuildableReference>
         </BuildActionEntry>
      </BuildActionEntries>
   </BuildAction>
   <TestAction
      buildConfiguration = "Debug">
      <Testables>
         <TestableReference>
            <BuildableReference
               BuildableIdentifier = "primary"
               BlueprintIdentifier = "5D06E43720D59AEB91D5AADC"
               BuildableName = "unit-tests.xctest"
               BlueprintName = "unit-tests"
               ReferencedContainer = "container:cal-sync.xcodeproj">
            </BuildableReference>
            <SkippedTests>
               <Test
                  Identifier = "TestCalendarSync/testListCalendars()">
               </Test>
               <Test
                  Identifier = "TestCalendarSync/testSync()">
               </Test>
               <Test
                  Identifier = "TestCalendarSync/testSyncCustomPrefix()">
               </Test>
               <Test
                  Identifier = "TestCalendarSync/testSyncWithoutAvailability()">
               </Test>
               <Test
                  Identifier = "TestCalendarSync/testSyncWithoutLocation()">
               </Test>
               <Test
                  Identifier = "TestCalendarSync/testSyncWithoutNotes()">
               </Test>
               <Test
                  Identifier = "TestCalendarSync/testSyncWithoutTitle()">
               </Test>
               <Test
                  Identifier = "TestCommandLine">
               </Test>
               <Test
                  Identifier = "TestUtilFunctions">
               </Test>
            </SkippedTests>
         </TestableReference>
      </Testables>
   </TestAction>
   <LaunchAction
      useCustomWorkingDirectory = "NO">
   </LaunchAction>
</Scheme>
